
Microsoft Visual Studio Solution File, Format Version 12.00
# Visual Studio 15
VisualStudioVersion = 15.0.26124.0
MinimumVisualStudioVersion = 15.0.26124.0
Project("{2150E333-8FDC-42A3-9474-1A3956D46DE8}") = "src", "src", "{AA129A4D-363D-49FD-87B1-24B9C8903563}"
EndProject
Project("{FAE04EC0-301F-11D3-BF4B-00C04F79EFBC}") = "IdentityServer", "src\IdentityServer\IdentityServer.csproj", "{0DC98CE7-E1F3-41D1-A8D6-5FBB600EBE55}"
EndProject
Project("{FAE04EC0-301F-11D3-BF4B-00C04F79EFBC}") = "Api", "src\Api\Api.csproj", "{3E93AB3A-FA27-42DB-A40F-4DB090CF9E1A}"
EndProject
Project("{FAE04EC0-301F-11D3-BF4B-00C04F79EFBC}") = "Client", "src\Client\Client.csproj", "{6C8FF368-3340-43EE-B3DA-33E9B8DFE5DF}"
EndProject
Project("{FAE04EC0-301F-11D3-BF4B-00C04F79EFBC}") = "MVCClient", "src\MVCClient\MVCClient.csproj", "{3FEA63FB-FD13-435A-9A51-5EDDE1FA627B}"
EndProject
Project("{FAE04EC0-301F-11D3-BF4B-00C04F79EFBC}") = "JavascriptClient", "src\JavascriptClient\JavascriptClient.csproj", "{76203E95-7896-4DE4-90DD-2352120072CF}"
EndProject
Global
	GlobalSection(SolutionConfigurationPlatforms) = preSolution
		Debug|Any CPU = Debug|Any CPU
		Debug|x64 = Debug|x64
		Debug|x86 = Debug|x86
		Release|Any CPU = Release|Any CPU
		Release|x64 = Release|x64
		Release|x86 = Release|x86
	EndGlobalSection
	GlobalSection(SolutionProperties) = preSolution
		HideSolutionNode = FALSE
	EndGlobalSection
	GlobalSection(ProjectConfigurationPlatforms) = postSolution
		{0DC98CE7-E1F3-41D1-A8D6-5FBB600EBE55}.Debug|Any CPU.ActiveCfg = Debug|Any CPU
		{0DC98CE7-E1F3-41D1-A8D6-5FBB600EBE55}.Debug|Any CPU.Build.0 = Debug|Any CPU
		{0DC98CE7-E1F3-41D1-A8D6-5FBB600EBE55}.Debug|x64.ActiveCfg = Debug|Any CPU
		{0DC98CE7-E1F3-41D1-A8D6-5FBB600EBE55}.Debug|x64.Build.0 = Debug|Any CPU
		{0DC98CE7-E1F3-41D1-A8D6-5FBB600EBE55}.Debug|x86.ActiveCfg = Debug|Any CPU
		{0DC98CE7-E1F3-41D1-A8D6-5FBB600EBE55}.Debug|x86.Build.0 = Debug|Any CPU
		{0DC98CE7-E1F3-41D1-A8D6-5FBB600EBE55}.Release|Any CPU.ActiveCfg = Release|Any CPU
		{0DC98CE7-E1F3-41D1-A8D6-5FBB600EBE55}.Release|Any CPU.Build.0 = Release|Any CPU
		{0DC98CE7-E1F3-41D1-A8D6-5FBB600EBE55}.Release|x64.ActiveCfg = Release|Any CPU
		{0DC98CE7-E1F3-41D1-A8D6-5FBB600EBE55}.Release|x64.Build.0 = Release|Any CPU
		{0DC98CE7-E1F3-41D1-A8D6-5FBB600EBE55}.Release|x86.ActiveCfg = Release|Any CPU
		{0DC98CE7-E1F3-41D1-A8D6-5FBB600EBE55}.Release|x86.Build.0 = Release|Any CPU
		{3E93AB3A-FA27-42DB-A40F-4DB090CF9E1A}.Debug|Any CPU.ActiveCfg = Debug|Any CPU
		{3E93AB3A-FA27-42DB-A40F-4DB090CF9E1A}.Debug|Any CPU.Build.0 = Debug|Any CPU
		{3E93AB3A-FA27-42DB-A40F-4DB090CF9E1A}.Debug|x64.ActiveCfg = Debug|Any CPU
		{3E93AB3A-FA27-42DB-A40F-4DB090CF9E1A}.Debug|x64.Build.0 = Debug|Any CPU
		{3E93AB3A-FA27-42DB-A40F-4DB090CF9E1A}.Debug|x86.ActiveCfg = Debug|Any CPU
		{3E93AB3A-FA27-42DB-A40F-4DB090CF9E1A}.Debug|x86.Build.0 = Debug|Any CPU
		{3E93AB3A-FA27-42DB-A40F-4DB090CF9E1A}.Release|Any CPU.ActiveCfg = Release|Any CPU
		{3E93AB3A-FA27-42DB-A40F-4DB090CF9E1A}.Release|Any CPU.Build.0 = Release|Any CPU
		{3E93AB3A-FA27-42DB-A40F-4DB090CF9E1A}.Release|x64.ActiveCfg = Release|Any CPU
		{3E93AB3A-FA27-42DB-A40F-4DB090CF9E1A}.Release|x64.Build.0 = Release|Any CPU
		{3E93AB3A-FA27-42DB-A40F-4DB090CF9E1A}.Release|x86.ActiveCfg = Release|Any CPU
		{3E93AB3A-FA27-42DB-A40F-4DB090CF9E1A}.Release|x86.Build.0 = Release|Any CPU
		{6C8FF368-3340-43EE-B3DA-33E9B8DFE5DF}.Debug|Any CPU.ActiveCfg = Debug|Any CPU
		{6C8FF368-3340-43EE-B3DA-33E9B8DFE5DF}.Debug|Any CPU.Build.0 = Debug|Any CPU
		{6C8FF368-3340-43EE-B3DA-33E9B8DFE5DF}.Debug|x64.ActiveCfg = Debug|Any CPU
		{6C8FF368-3340-43EE-B3DA-33E9B8DFE5DF}.Debug|x64.Build.0 = Debug|Any CPU
		{6C8FF368-3340-43EE-B3DA-33E9B8DFE5DF}.Debug|x86.ActiveCfg = Debug|Any CPU
		{6C8FF368-3340-43EE-B3DA-33E9B8DFE5DF}.Debug|x86.Build.0 = Debug|Any CPU
		{6C8FF368-3340-43EE-B3DA-33E9B8DFE5DF}.Release|Any CPU.ActiveCfg = Release|Any CPU
		{6C8FF368-3340-43EE-B3DA-33E9B8DFE5DF}.Release|Any CPU.Build.0 = Release|Any CPU
		{6C8FF368-3340-43EE-B3DA-33E9B8DFE5DF}.Release|x64.ActiveCfg = Release|Any CPU
		{6C8FF368-3340-43EE-B3DA-33E9B8DFE5DF}.Release|x64.Build.0 = Release|Any CPU
		{6C8FF368-3340-43EE-B3DA-33E9B8DFE5DF}.Release|x86.ActiveCfg = Release|Any CPU
		{6C8FF368-3340-43EE-B3DA-33E9B8DFE5DF}.Release|x86.Build.0 = Release|Any CPU
		{3FEA63FB-FD13-435A-9A51-5EDDE1FA627B}.Debug|Any CPU.ActiveCfg = Debug|Any CPU
		{3FEA63FB-FD13-435A-9A51-5EDDE1FA627B}.Debug|Any CPU.Build.0 = Debug|Any CPU
		{3FEA63FB-FD13-435A-9A51-5EDDE1FA627B}.Debug|x64.ActiveCfg = Debug|Any CPU
		{3FEA63FB-FD13-435A-9A51-5EDDE1FA627B}.Debug|x64.Build.0 = Debug|Any CPU
		{3FEA63FB-FD13-435A-9A51-5EDDE1FA627B}.Debug|x86.ActiveCfg = Debug|Any CPU
		{3FEA63FB-FD13-435A-9A51-5EDDE1FA627B}.Debug|x86.Build.0 = Debug|Any CPU
		{3FEA63FB-FD13-435A-9A51-5EDDE1FA627B}.Release|Any CPU.ActiveCfg = Release|Any CPU
		{3FEA63FB-FD13-435A-9A51-5EDDE1FA627B}.Release|Any CPU.Build.0 = Release|Any CPU
		{3FEA63FB-FD13-435A-9A51-5EDDE1FA627B}.Release|x64.ActiveCfg = Release|Any CPU
		{3FEA63FB-FD13-435A-9A51-5EDDE1FA627B}.Release|x64.Build.0 = Release|Any CPU
		{3FEA63FB-FD13-435A-9A51-5EDDE1FA627B}.Release|x86.ActiveCfg = Release|Any CPU
		{3FEA63FB-FD13-435A-9A51-5EDDE1FA627B}.Release|x86.Build.0 = Release|Any CPU
		{76203E95-7896-4DE4-90DD-2352120072CF}.Debug|Any CPU.ActiveCfg = Debug|Any CPU
		{76203E95-7896-4DE4-90DD-2352120072CF}.Debug|Any CPU.Build.0 = Debug|Any CPU
		{76203E95-7896-4DE4-90DD-2352120072CF}.Debug|x64.ActiveCfg = Debug|Any CPU
		{76203E95-7896-4DE4-90DD-2352120072CF}.Debug|x64.Build.0 = Debug|Any CPU
		{76203E95-7896-4DE4-90DD-2352120072CF}.Debug|x86.ActiveCfg = Debug|Any CPU
		{76203E95-7896-4DE4-90DD-2352120072CF}.Debug|x86.Build.0 = Debug|Any CPU
		{76203E95-7896-4DE4-90DD-2352120072CF}.Release|Any CPU.ActiveCfg = Release|Any CPU
		{76203E95-7896-4DE4-90DD-2352120072CF}.Release|Any CPU.Build.0 = Release|Any CPU
		{76203E95-7896-4DE4-90DD-2352120072CF}.Release|x64.ActiveCfg = Release|Any CPU
		{76203E95-7896-4DE4-90DD-2352120072CF}.Release|x64.Build.0 = Release|Any CPU
		{76203E95-7896-4DE4-90DD-2352120072CF}.Release|x86.ActiveCfg = Release|Any CPU
		{76203E95-7896-4DE4-90DD-2352120072CF}.Release|x86.Build.0 = Release|Any CPU
	EndGlobalSection
	GlobalSection(NestedProjects) = preSolution
		{0DC98CE7-E1F3-41D1-A8D6-5FBB600EBE55} = {AA129A4D-363D-49FD-87B1-24B9C8903563}
		{3E93AB3A-FA27-42DB-A40F-4DB090CF9E1A} = {AA129A4D-363D-49FD-87B1-24B9C8903563}
		{6C8FF368-3340-43EE-B3DA-33E9B8DFE5DF} = {AA129A4D-363D-49FD-87B1-24B9C8903563}
		{3FEA63FB-FD13-435A-9A51-5EDDE1FA627B} = {AA129A4D-363D-49FD-87B1-24B9C8903563}
		{76203E95-7896-4DE4-90DD-2352120072CF} = {AA129A4D-363D-49FD-87B1-24B9C8903563}
	EndGlobalSection
EndGlobal
